// !$*UTF8*$!
{
	archiveVersion = 1;
	classes = {
	};
	objectVersion = 56;
	objects = {

/* Begin PBXBuildFile section */
		ACCD58B229A6C561003078B7 /* DragNDropPazzleGameApp.swift in Sources */ = {isa = PBXBuildFile; fileRef = ACCD58B129A6C561003078B7 /* DragNDropPazzleGameApp.swift */; };
		ACCD58B429A6C561003078B7 /* ContentView.swift in Sources */ = {isa = PBXBuildFile; fileRef = ACCD58B329A6C561003078B7 /* ContentView.swift */; };
		ACCD58B629A6C563003078B7 /* Assets.xcassets in Resources */ = {isa = PBXBuildFile; fileRef = ACCD58B529A6C563003078B7 /* Assets.xcassets */; };
		ACCD58B929A6C563003078B7 /* Preview Assets.xcassets in Resources */ = {isa = PBXBuildFile; fileRef = ACCD58B829A6C563003078B7 /* Preview Assets.xcassets */; };
		ACCD58C029A6E86F003078B7 /* Constraints.swift in Sources */ = {isa = PBXBuildFile; fileRef = ACCD58BF29A6E86F003078B7 /* Constraints.swift */; };
		ACCD58C229A6E8CD003078B7 /* Model.swift in Sources */ = {isa = PBXBuildFile; fileRef = ACCD58C129A6E8CD003078B7 /* Model.swift */; };
		ACCD58C429A6E8EB003078B7 /* PuzzleVIewModel.swift in Sources */ = {isa = PBXBuildFile; fileRef = ACCD58C329A6E8EB003078B7 /* PuzzleVIewModel.swift */; };
		ACCD58C929A6E965003078B7 /* Loader.swift in Sources */ = {isa = PBXBuildFile; fileRef = ACCD58C829A6E965003078B7 /* Loader.swift */; };
		ACCD58CB29A6EBCC003078B7 /* Knewave-Regular.ttf in Resources */ = {isa = PBXBuildFile; fileRef = ACCD58CA29A6EBCC003078B7 /* Knewave-Regular.ttf */; };
		ACCD58CF29A6EE78003078B7 /* Extensions.swift in Sources */ = {isa = PBXBuildFile; fileRef = ACCD58CE29A6EE78003078B7 /* Extensions.swift */; };
		ACCD58D129A6EF04003078B7 /* AppFlow.swift in Sources */ = {isa = PBXBuildFile; fileRef = ACCD58D029A6EF04003078B7 /* AppFlow.swift */; };
		ACCD58D329A6EF1D003078B7 /* MainMenuView.swift in Sources */ = {isa = PBXBuildFile; fileRef = ACCD58D229A6EF1D003078B7 /* MainMenuView.swift */; };
/* End PBXBuildFile section */

/* Begin PBXFileReference section */
		ACCD58AE29A6C561003078B7 /* DragNDropPazzleGame.app */ = {isa = PBXFileReference; explicitFileType = wrapper.application; includeInIndex = 0; path = DragNDropPazzleGame.app; sourceTree = BUILT_PRODUCTS_DIR; };
		ACCD58B129A6C561003078B7 /* DragNDropPazzleGameApp.swift */ = {isa = PBXFileReference; lastKnownFileType = sourcecode.swift; path = DragNDropPazzleGameApp.swift; sourceTree = "<group>"; };
		ACCD58B329A6C561003078B7 /* ContentView.swift */ = {isa = PBXFileReference; lastKnownFileType = sourcecode.swift; path = ContentView.swift; sourceTree = "<group>"; };
		ACCD58B529A6C563003078B7 /* Assets.xcassets */ = {isa = PBXFileReference; lastKnownFileType = folder.assetcatalog; path = Assets.xcassets; sourceTree = "<group>"; };
		ACCD58B829A6C563003078B7 /* Preview Assets.xcassets */ = {isa = PBXFileReference; lastKnownFileType = folder.assetcatalog; path = "Preview Assets.xcassets"; sourceTree = "<group>"; };
		ACCD58BF29A6E86F003078B7 /* Constraints.swift */ = {isa = PBXFileReference; lastKnownFileType = sourcecode.swift; path = Constraints.swift; sourceTree = "<group>"; };
		ACCD58C129A6E8CD003078B7 /* Model.swift */ = {isa = PBXFileReference; lastKnownFileType = sourcecode.swift; path = Model.swift; sourceTree = "<group>"; };
		ACCD58C329A6E8EB003078B7 /* PuzzleVIewModel.swift */ = {isa = PBXFileReference; lastKnownFileType = sourcecode.swift; path = PuzzleVIewModel.swift; sourceTree = "<group>"; };
		ACCD58C829A6E965003078B7 /* Loader.swift */ = {isa = PBXFileReference; lastKnownFileType = sourcecode.swift; path = Loader.swift; sourceTree = "<group>"; };
		ACCD58CA29A6EBCC003078B7 /* Knewave-Regular.ttf */ = {isa = PBXFileReference; lastKnownFileType = file; path = "Knewave-Regular.ttf"; sourceTree = "<group>"; };
		ACCD58CC29A6EC57003078B7 /* Info.plist */ = {isa = PBXFileReference; lastKnownFileType = text.plist; path = Info.plist; sourceTree = "<group>"; };
		ACCD58CE29A6EE78003078B7 /* Extensions.swift */ = {isa = PBXFileReference; lastKnownFileType = sourcecode.swift; path = Extensions.swift; sourceTree = "<group>"; };
		ACCD58D029A6EF04003078B7 /* AppFlow.swift */ = {isa = PBXFileReference; lastKnownFileType = sourcecode.swift; path = AppFlow.swift; sourceTree = "<group>"; };
		ACCD58D229A6EF1D003078B7 /* MainMenuView.swift */ = {isa = PBXFileReference; lastKnownFileType = sourcecode.swift; path = MainMenuView.swift; sourceTree = "<group>"; };
/* End PBXFileReference section */

/* Begin PBXFrameworksBuildPhase section */
		ACCD58AB29A6C561003078B7 /* Frameworks */ = {
			isa = PBXFrameworksBuildPhase;
			buildActionMask = 2147483647;
			files = (
			);
			runOnlyForDeploymentPostprocessing = 0;
		};
/* End PBXFrameworksBuildPhase section */

/* Begin PBXGroup section */
		ACCD58A529A6C561003078B7 = {
			isa = PBXGroup;
			children = (
				ACCD58B029A6C561003078B7 /* DragNDropPazzleGame */,
				ACCD58AF29A6C561003078B7 /* Products */,
			);
			sourceTree = "<group>";
		};
		ACCD58AF29A6C561003078B7 /* Products */ = {
			isa = PBXGroup;
			children = (
				ACCD58AE29A6C561003078B7 /* DragNDropPazzleGame.app */,
			);
			name = Products;
			sourceTree = "<group>";
		};
		ACCD58B029A6C561003078B7 /* DragNDropPazzleGame */ = {
			isa = PBXGroup;
			children = (
				ACCD58CC29A6EC57003078B7 /* Info.plist */,
				ACCD58B129A6C561003078B7 /* DragNDropPazzleGameApp.swift */,
				ACCD58CA29A6EBCC003078B7 /* Knewave-Regular.ttf */,
				ACCD58CD29A6EE6D003078B7 /* Extensions */,
				ACCD58C529A6E92B003078B7 /* Models */,
				ACCD58C629A6E933003078B7 /* ViewModels */,
				ACCD58C729A6E93D003078B7 /* Views */,
				ACCD58B529A6C563003078B7 /* Assets.xcassets */,
				ACCD58B729A6C563003078B7 /* Preview Content */,
			);
			path = DragNDropPazzleGame;
			sourceTree = "<group>";
		};
		ACCD58B729A6C563003078B7 /* Preview Content */ = {
			isa = PBXGroup;
			children = (
				ACCD58B829A6C563003078B7 /* Preview Assets.xcassets */,
			);
			path = "Preview Content";
			sourceTree = "<group>";
		};
		ACCD58C529A6E92B003078B7 /* Models */ = {
			isa = PBXGroup;
			children = (
				ACCD58C129A6E8CD003078B7 /* Model.swift */,
			);
			path = Models;
			sourceTree = "<group>";
		};
		ACCD58C629A6E933003078B7 /* ViewModels */ = {
			isa = PBXGroup;
			children = (
				ACCD58C329A6E8EB003078B7 /* PuzzleVIewModel.swift */,
			);
			path = ViewModels;
			sourceTree = "<group>";
		};
		ACCD58C729A6E93D003078B7 /* Views */ = {
			isa = PBXGroup;
			children = (
				ACCD58D029A6EF04003078B7 /* AppFlow.swift */,
				ACCD58B329A6C561003078B7 /* ContentView.swift */,
				ACCD58C829A6E965003078B7 /* Loader.swift */,
				ACCD58D229A6EF1D003078B7 /* MainMenuView.swift */,
			);
			path = Views;
			sourceTree = "<group>";
		};
		ACCD58CD29A6EE6D003078B7 /* Extensions */ = {
			isa = PBXGroup;
			children = (
				ACCD58BF29A6E86F003078B7 /* Constraints.swift */,
				ACCD58CE29A6EE78003078B7 /* Extensions.swift */,
			);
			path = Extensions;
			sourceTree = "<group>";
		};
/* End PBXGroup section */

/* Begin PBXNativeTarget section */
		ACCD58AD29A6C561003078B7 /* DragNDropPazzleGame */ = {
			isa = PBXNativeTarget;
			buildConfigurationList = ACCD58BC29A6C563003078B7 /* Build configuration list for PBXNativeTarget "DragNDropPazzleGame" */;
			buildPhases = (
				ACCD58AA29A6C561003078B7 /* Sources */,
				ACCD58AB29A6C561003078B7 /* Frameworks */,
				ACCD58AC29A6C561003078B7 /* Resources */,
			);
			buildRules = (
			);
			dependencies = (
			);
			name = DragNDropPazzleGame;
			productName = DragNDropPazzleGame;
			productReference = ACCD58AE29A6C561003078B7 /* DragNDropPazzleGame.app */;
			productType = "com.apple.product-type.application";
		};
/* End PBXNativeTarget section */

/* Begin PBXProject section */
		ACCD58A629A6C561003078B7 /* Project object */ = {
			isa = PBXProject;
			attributes = {
				BuildIndependentTargetsInParallel = 1;
				LastSwiftUpdateCheck = 1420;
				LastUpgradeCheck = 1420;
				TargetAttributes = {
					ACCD58AD29A6C561003078B7 = {
						CreatedOnToolsVersion = 14.2;
					};
				};
			};
			buildConfigurationList = ACCD58A929A6C561003078B7 /* Build configuration list for PBXProject "DragNDropPazzleGame" */;
			compatibilityVersion = "Xcode 14.0";
			developmentRegion = en;
			hasScannedForEncodings = 0;
			knownRegions = (
				en,
				Base,
			);
			mainGroup = ACCD58A529A6C561003078B7;
			productRefGroup = ACCD58AF29A6C561003078B7 /* Products */;
			projectDirPath = "";
			projectRoot = "";
			targets = (
				ACCD58AD29A6C561003078B7 /* DragNDropPazzleGame */,
			);
		};
/* End PBXProject section */

/* Begin PBXResourcesBuildPhase section */
		ACCD58AC29A6C561003078B7 /* Resources */ = {
			isa = PBXResourcesBuildPhase;
			buildActionMask = 2147483647;
			files = (
				ACCD58CB29A6EBCC003078B7 /* Knewave-Regular.ttf in Resources */,
				ACCD58B929A6C563003078B7 /* Preview Assets.xcassets in Resources */,
				ACCD58B629A6C563003078B7 /* Assets.xcassets in Resources */,
			);
			runOnlyForDeploymentPostprocessing = 0;
		};
/* End PBXResourcesBuildPhase section */

/* Begin PBXSourcesBuildPhase section */
		ACCD58AA29A6C561003078B7 /* Sources */ = {
			isa = PBXSourcesBuildPhase;
			buildActionMask = 2147483647;
			files = (
				ACCD58C429A6E8EB003078B7 /* PuzzleVIewModel.swift in Sources */,
				ACCD58D129A6EF04003078B7 /* AppFlow.swift in Sources */,
				ACCD58B429A6C561003078B7 /* ContentView.swift in Sources */,
				ACCD58D329A6EF1D003078B7 /* MainMenuView.swift in Sources */,
				ACCD58C929A6E965003078B7 /* Loader.swift in Sources */,
				ACCD58C029A6E86F003078B7 /* Constraints.swift in Sources */,
				ACCD58B229A6C561003078B7 /* DragNDropPazzleGameApp.swift in Sources */,
				ACCD58C229A6E8CD003078B7 /* Model.swift in Sources */,
				ACCD58CF29A6EE78003078B7 /* Extensions.swift in Sources */,
			);
			runOnlyForDeploymentPostprocessing = 0;
		};
/* End PBXSourcesBuildPhase section */

/* Begin XCBuildConfiguration section */
		ACCD58BA29A6C563003078B7 /* Debug */ = {
			isa = XCBuildConfiguration;
			buildSettings = {
				ALWAYS_SEARCH_USER_PATHS = NO;
				CLANG_ANALYZER_NONNULL = YES;
				CLANG_ANALYZER_NUMBER_OBJECT_CONVERSION = YES_AGGRESSIVE;
				CLANG_CXX_LANGUAGE_STANDARD = "gnu++20";
				CLANG_ENABLE_MODULES = YES;
				CLANG_ENABLE_OBJC_ARC = YES;
				CLANG_ENABLE_OBJC_WEAK = YES;
				CLANG_WARN_BLOCK_CAPTURE_AUTORELEASING = YES;
				CLANG_WARN_BOOL_CONVERSION = YES;
				CLANG_WARN_COMMA = YES;
				CLANG_WARN_CONSTANT_CONVERSION = YES;
				CLANG_WARN_DEPRECATED_OBJC_IMPLEMENTATIONS = YES;
				CLANG_WARN_DIRECT_OBJC_ISA_USAGE = YES_ERROR;
				CLANG_WARN_DOCUMENTATION_COMMENTS = YES;
				CLANG_WARN_EMPTY_BODY = YES;
				CLANG_WARN_ENUM_CONVERSION = YES;
				CLANG_WARN_INFINITE_RECURSION = YES;
				CLANG_WARN_INT_CONVERSION = YES;
				CLANG_WARN_NON_LITERAL_NULL_CONVERSION = YES;
				CLANG_WARN_OBJC_IMPLICIT_RETAIN_SELF = YES;
				CLANG_WARN_OBJC_LITERAL_CONVERSION = YES;
				CLANG_WARN_OBJC_ROOT_CLASS = YES_ERROR;
				CLANG_WARN_QUOTED_INCLUDE_IN_FRAMEWORK_HEADER = YES;
				CLANG_WARN_RANGE_LOOP_ANALYSIS = YES;
				CLANG_WARN_STRICT_PROTOTYPES = YES;
				CLANG_WARN_SUSPICIOUS_MOVE = YES;
				CLANG_WARN_UNGUARDED_AVAILABILITY = YES_AGGRESSIVE;
				CLANG_WARN_UNREACHABLE_CODE = YES;
				CLANG_WARN__DUPLICATE_METHOD_MATCH = YES;
				COPY_PHASE_STRIP = NO;
				DEBUG_INFORMATION_FORMAT = dwarf;
				ENABLE_STRICT_OBJC_MSGSEND = YES;
				ENABLE_TESTABILITY = YES;
				GCC_C_LANGUAGE_STANDARD = gnu11;
				GCC_DYNAMIC_NO_PIC = NO;
				GCC_NO_COMMON_BLOCKS = YES;
				GCC_OPTIMIZATION_LEVEL = 0;
				GCC_PREPROCESSOR_DEFINITIONS = (
					"DEBUG=1",
					"$(inherited)",
				);
				GCC_WARN_64_TO_32_BIT_CONVERSION = YES;
				GCC_WARN_ABOUT_RETURN_TYPE = YES_ERROR;
				GCC_WARN_UNDECLARED_SELECTOR = YES;
				GCC_WARN_UNINITIALIZED_AUTOS = YES_AGGRESSIVE;
				GCC_WARN_UNUSED_FUNCTION = YES;
				GCC_WARN_UNUSED_VARIABLE = YES;
				IPHONEOS_DEPLOYMENT_TARGET = 16.2;
				MTL_ENABLE_DEBUG_INFO = INCLUDE_SOURCE;
				MTL_FAST_MATH = YES;
				ONLY_ACTIVE_ARCH = YES;
				SDKROOT = iphoneos;
				SWIFT_ACTIVE_COMPILATION_CONDITIONS = DEBUG;
				SWIFT_OPTIMIZATION_LEVEL = "-Onone";
			};
			name = Debug;
		};
		ACCD58BB29A6C563003078B7 /* Release */ = {
			isa = XCBuildConfiguration;
			buildSettings = {
				ALWAYS_SEARCH_USER_PATHS = NO;
				CLANG_ANALYZER_NONNULL = YES;
				CLANG_ANALYZER_NUMBER_OBJECT_CONVERSION = YES_AGGRESSIVE;
				CLANG_CXX_LANGUAGE_STANDARD = "gnu++20";
				CLANG_ENABLE_MODULES = YES;
				CLANG_ENABLE_OBJC_ARC = YES;
				CLANG_ENABLE_OBJC_WEAK = YES;
				CLANG_WARN_BLOCK_CAPTURE_AUTORELEASING = YES;
				CLANG_WARN_BOOL_CONVERSION = YES;
				CLANG_WARN_COMMA = YES;
				CLANG_WARN_CONSTANT_CONVERSION = YES;
				CLANG_WARN_DEPRECATED_OBJC_IMPLEMENTATIONS = YES;
				CLANG_WARN_DIRECT_OBJC_ISA_USAGE = YES_ERROR;
				CLANG_WARN_DOCUMENTATION_COMMENTS = YES;
				CLANG_WARN_EMPTY_BODY = YES;
				CLANG_WARN_ENUM_CONVERSION = YES;
				CLANG_WARN_INFINITE_RECURSION = YES;
				CLANG_WARN_INT_CONVERSION = YES;
				CLANG_WARN_NON_LITERAL_NULL_CONVERSION = YES;
				CLANG_WARN_OBJC_IMPLICIT_RETAIN_SELF = YES;
				CLANG_WARN_OBJC_LITERAL_CONVERSION = YES;
				CLANG_WARN_OBJC_ROOT_CLASS = YES_ERROR;
				CLANG_WARN_QUOTED_INCLUDE_IN_FRAMEWORK_HEADER = YES;
				CLANG_WARN_RANGE_LOOP_ANALYSIS = YES;
				CLANG_WARN_STRICT_PROTOTYPES = YES;
				CLANG_WARN_SUSPICIOUS_MOVE = YES;
				CLANG_WARN_UNGUARDED_AVAILABILITY = YES_AGGRESSIVE;
				CLANG_WARN_UNREACHABLE_CODE = YES;
				CLANG_WARN__DUPLICATE_METHOD_MATCH = YES;
				COPY_PHASE_STRIP = NO;
				DEBUG_INFORMATION_FORMAT = "dwarf-with-dsym";
				ENABLE_NS_ASSERTIONS = NO;
				ENABLE_STRICT_OBJC_MSGSEND = YES;
				GCC_C_LANGUAGE_STANDARD = gnu11;
				GCC_NO_COMMON_BLOCKS = YES;
				GCC_WARN_64_TO_32_BIT_CONVERSION = YES;
				GCC_WARN_ABOUT_RETURN_TYPE = YES_ERROR;
				GCC_WARN_UNDECLARED_SELECTOR = YES;
				GCC_WARN_UNINITIALIZED_AUTOS = YES_AGGRESSIVE;
				GCC_WARN_UNUSED_FUNCTION = YES;
				GCC_WARN_UNUSED_VARIABLE = YES;
				IPHONEOS_DEPLOYMENT_TARGET = 16.2;
				MTL_ENABLE_DEBUG_INFO = NO;
				MTL_FAST_MATH = YES;
				SDKROOT = iphoneos;
				SWIFT_COMPILATION_MODE = wholemodule;
				SWIFT_OPTIMIZATION_LEVEL = "-O";
				VALIDATE_PRODUCT = YES;
			};
			name = Release;
		};
		ACCD58BD29A6C563003078B7 /* Debug */ = {
			isa = XCBuildConfiguration;
			buildSettings = {
				ASSETCATALOG_COMPILER_APPICON_NAME = AppIcon;
				ASSETCATALOG_COMPILER_GLOBAL_ACCENT_COLOR_NAME = AccentColor;
				CODE_SIGN_STYLE = Automatic;
				CURRENT_PROJECT_VERSION = 1;
				DEVELOPMENT_ASSET_PATHS = "\"DragNDropPazzleGame/Preview Content\"";
				DEVELOPMENT_TEAM = NUUAUT9ZDU;
				ENABLE_PREVIEWS = YES;
				GENERATE_INFOPLIST_FILE = YES;
				INFOPLIST_FILE = DragNDropPazzleGame/Info.plist;
				INFOPLIST_KEY_UIApplicationSceneManifest_Generation = YES;
				INFOPLIST_KEY_UIApplicationSupportsIndirectInputEvents = YES;
				INFOPLIST_KEY_UILaunchScreen_Generation = YES;
				INFOPLIST_KEY_UISupportedInterfaceOrientations_iPad = "UIInterfaceOrientationPortrait UIInterfaceOrientationPortraitUpsideDown UIInterfaceOrientationLandscapeLeft UIInterfaceOrientationLandscapeRight";
				INFOPLIST_KEY_UISupportedInterfaceOrientations_iPhone = "UIInterfaceOrientationPortrait UIInterfaceOrientationLandscapeLeft UIInterfaceOrientationLandscapeRight";
				LD_RUNPATH_SEARCH_PATHS = (
					"$(inherited)",
					"@executable_path/Frameworks",
				);
				MARKETING_VERSION = 1.0;
				PRODUCT_BUNDLE_IDENTIFIER = com.horovenko.DragNDropPazzleGame;
				PRODUCT_NAME = "$(TARGET_NAME)";
				SWIFT_EMIT_LOC_STRINGS = YES;
				SWIFT_VERSION = 5.0;
				TARGETED_DEVICE_FAMILY = "1,2";
			};
			name = Debug;
		};
		ACCD58BE29A6C563003078B7 /* Release */ = {
			isa = XCBuildConfiguration;
			buildSettings = {
				ASSETCATALOG_COMPILER_APPICON_NAME = AppIcon;
				ASSETCATALOG_COMPILER_GLOBAL_ACCENT_COLOR_NAME = AccentColor;
				CODE_SIGN_STYLE = Automatic;
				CURRENT_PROJECT_VERSION = 1;
				DEVELOPMENT_ASSET_PATHS = "\"DragNDropPazzleGame/Preview Content\"";
				DEVELOPMENT_TEAM = NUUAUT9ZDU;
				ENABLE_PREVIEWS = YES;
				GENERATE_INFOPLIST_FILE = YES;
				INFOPLIST_FILE = DragNDropPazzleGame/Info.plist;
				INFOPLIST_KEY_UIApplicationSceneManifest_Generation = YES;
				INFOPLIST_KEY_UIApplicationSupportsIndirectInputEvents = YES;
				INFOPLIST_KEY_UILaunchScreen_Generation = YES;
				INFOPLIST_KEY_UISupportedInterfaceOrientations_iPad = "UIInterfaceOrientationPortrait UIInterfaceOrientationPortraitUpsideDown UIInterfaceOrientationLandscapeLeft UIInterfaceOrientationLandscapeRight";
				INFOPLIST_KEY_UISupportedInterfaceOrientations_iPhone = "UIInterfaceOrientationPortrait UIInterfaceOrientationLandscapeLeft UIInterfaceOrientationLandscapeRight";
				LD_RUNPATH_SEARCH_PATHS = (
					"$(inherited)",
					"@executable_path/Frameworks",
				);
				MARKETING_VERSION = 1.0;
				PRODUCT_BUNDLE_IDENTIFIER = com.horovenko.DragNDropPazzleGame;
				PRODUCT_NAME = "$(TARGET_NAME)";
				SWIFT_EMIT_LOC_STRINGS = YES;
				SWIFT_VERSION = 5.0;
				TARGETED_DEVICE_FAMILY = "1,2";
			};
			name = Release;
		};
/* End XCBuildConfiguration section */

/* Begin XCConfigurationList section */
		ACCD58A929A6C561003078B7 /* Build configuration list for PBXProject "DragNDropPazzleGame" */ = {
			isa = XCConfigurationList;
			buildConfigurations = (
				ACCD58BA29A6C563003078B7 /* Debug */,
				ACCD58BB29A6C563003078B7 /* Release */,
			);
			defaultConfigurationIsVisible = 0;
			defaultConfigurationName = Release;
		};
		ACCD58BC29A6C563003078B7 /* Build configuration list for PBXNativeTarget "DragNDropPazzleGame" */ = {
			isa = XCConfigurationList;
			buildConfigurations = (
				ACCD58BD29A6C563003078B7 /* Debug */,
				ACCD58BE29A6C563003078B7 /* Release */,
			);
			defaultConfigurationIsVisible = 0;
			defaultConfigurationName = Release;
		};
/* End XCConfigurationList section */
	};
	rootObject = ACCD58A629A6C561003078B7 /* Project object */;
}
